
Microsoft Visual Studio Solution File, Format Version 12.00
# Visual Studio Version 17
VisualStudioVersion = 17.7.34031.279
MinimumVisualStudioVersion = 10.0.40219.1
Project("{FAE04EC0-301F-11D3-BF4B-00C04F79EFBC}") = "KTX", "KTX\KTX.csproj", "{F8FF5DF8-13F9-4FB8-9036-D1647D3ABAE9}"
EndProject
Global
	GlobalSection(SolutionConfigurationPlatforms) = preSolution
		Debug|Any CPU = Debug|Any CPU
		Release|Any CPU = Release|Any CPU
	EndGlobalSection
	GlobalSection(ProjectConfigurationPlatforms) = postSolution
		{F8FF5DF8-13F9-4FB8-9036-D1647D3ABAE9}.Debug|Any CPU.ActiveCfg = Debug|Any CPU
		{F8FF5DF8-13F9-4FB8-9036-D1647D3ABAE9}.Debug|Any CPU.Build.0 = Debug|Any CPU
		{F8FF5DF8-13F9-4FB8-9036-D1647D3ABAE9}.Release|Any CPU.ActiveCfg = Release|Any CPU
		{F8FF5DF8-13F9-4FB8-9036-D1647D3ABAE9}.Release|Any CPU.Build.0 = Release|Any CPU
	EndGlobalSection
	GlobalSection(SolutionProperties) = preSolution
		HideSolutionNode = FALSE
	EndGlobalSection
	GlobalSection(ExtensibilityGlobals) = postSolution
		SolutionGuid = {608C797B-3CBD-4D69-ACCB-9CAB2EFE8E4F}
	EndGlobalSection
EndGlobal
